
Microsoft Visual Studio Solution File, Format Version 12.00
# Visual Studio Version 17
VisualStudioVersion = 17.0.31903.59
MinimumVisualStudioVersion = 10.0.40219.1
Project("{9A19103F-16F7-4668-BE54-9A1E7A4F7556}") = "Taggu.Core", "Taggu.Core\Taggu.Core.csproj", "{14B72E8C-2622-455E-8E6E-7D8DA4C83DCF}"
EndProject
Project("{FAE04EC0-301F-11D3-BF4B-00C04F79EFBC}") = "Taggu.TerminalUI", "Taggu.Console\Taggu.TerminalUI.csproj", "{A3DB8F13-C4F9-4D45-AF24-486ABA2BB5E6}"
EndProject
Global
	GlobalSection(SolutionConfigurationPlatforms) = preSolution
		Debug|Any CPU = Debug|Any CPU
		Release|Any CPU = Release|Any CPU
	EndGlobalSection
	GlobalSection(ProjectConfigurationPlatforms) = postSolution
		{14B72E8C-2622-455E-8E6E-7D8DA4C83DCF}.Debug|Any CPU.ActiveCfg = Debug|Any CPU
		{14B72E8C-2622-455E-8E6E-7D8DA4C83DCF}.Debug|Any CPU.Build.0 = Debug|Any CPU
		{14B72E8C-2622-455E-8E6E-7D8DA4C83DCF}.Release|Any CPU.ActiveCfg = Release|Any CPU
		{14B72E8C-2622-455E-8E6E-7D8DA4C83DCF}.Release|Any CPU.Build.0 = Release|Any CPU
		{A3DB8F13-C4F9-4D45-AF24-486ABA2BB5E6}.Debug|Any CPU.ActiveCfg = Debug|Any CPU
		{A3DB8F13-C4F9-4D45-AF24-486ABA2BB5E6}.Debug|Any CPU.Build.0 = Debug|Any CPU
		{A3DB8F13-C4F9-4D45-AF24-486ABA2BB5E6}.Release|Any CPU.ActiveCfg = Release|Any CPU
		{A3DB8F13-C4F9-4D45-AF24-486ABA2BB5E6}.Release|Any CPU.Build.0 = Release|Any CPU
	EndGlobalSection
	GlobalSection(SolutionProperties) = preSolution
		HideSolutionNode = FALSE
	EndGlobalSection
	GlobalSection(ExtensibilityGlobals) = postSolution
		SolutionGuid = {D54B7E6D-6A09-4942-871E-7DDEBFD1C59E}
	EndGlobalSection
EndGlobal
